
Microsoft Visual Studio Solution File, Format Version 12.00
# Visual Studio Version 17
VisualStudioVersion = 17.12.35323.107
MinimumVisualStudioVersion = 10.0.40219.1
Project("{FAE04EC0-301F-11D3-BF4B-00C04F79EFBC}") = "Params", "csharp\CSharp13\Params.csproj", "{0878B1E5-C792-46A3-AA20-282A0FC8D5E7}"
EndProject
Project("{2150E333-8FDC-42A3-9474-1A3956D46DE8}") = "C# 13", "C# 13", "{A4E0A353-9E4F-47E2-8881-599A12FC84E3}"
EndProject
Project("{FAE04EC0-301F-11D3-BF4B-00C04F79EFBC}") = "Partials", "csharp\Partials\Partials.csproj", "{09009009-53DC-4AB4-A3F2-924D29CF3A7D}"
EndProject
Project("{FAE04EC0-301F-11D3-BF4B-00C04F79EFBC}") = "LockObject", "csharp\LockObject\LockObject.csproj", "{9C28F635-EAF3-4C5F-B818-B5C5AA0C8DA4}"
EndProject
Project("{FAE04EC0-301F-11D3-BF4B-00C04F79EFBC}") = "ImplicitIndexAccess", "csharp\ImplicitIndexAccess\ImplicitIndexAccess.csproj", "{37CC086D-885D-4D71-8E45-A91491C5A78D}"
EndProject
Project("{2150E333-8FDC-42A3-9474-1A3956D46DE8}") = ".NET 9.0", ".NET 9.0", "{FF51FD3F-92A7-4C5C-82FE-95CAF92E8571}"
EndProject
Project("{FAE04EC0-301F-11D3-BF4B-00C04F79EFBC}") = "Base64", "dotnet\Base64\Base64.csproj", "{1E5076C3-C944-449A-9580-46312BB19A55}"
EndProject
Project("{FAE04EC0-301F-11D3-BF4B-00C04F79EFBC}") = "TimeSpanUpdates", "dotnet\TimeSpanUpdates\TimeSpanUpdates.csproj", "{7F3A9B76-C4F0-4B24-AB6D-B70402657FE4}"
EndProject
Project("{FAE04EC0-301F-11D3-BF4B-00C04F79EFBC}") = "CollectionLookups", "dotnet\CollectionLookups\CollectionLookups.csproj", "{F854E0D5-9194-46CD-8FD5-B0F7C80162B6}"
EndProject
Project("{FAE04EC0-301F-11D3-BF4B-00C04F79EFBC}") = "Json", "dotnet\Json\Json.csproj", "{85F661EC-CCBE-4CED-B523-11FF733DF668}"
EndProject
Project("{FAE04EC0-301F-11D3-BF4B-00C04F79EFBC}") = "Spans", "dotnet\Spans\Spans.csproj", "{1907ABBA-E6B2-465A-AFD0-630F9338060F}"
EndProject
Project("{FAE04EC0-301F-11D3-BF4B-00C04F79EFBC}") = "FeatureSwitches", "dotnet\FeatureSwitches\FeatureSwitches.csproj", "{01E5110E-B6ED-4176-B97D-37672FC8DBCC}"
EndProject
Project("{2150E333-8FDC-42A3-9474-1A3956D46DE8}") = "ASP.NET Core", "ASP.NET Core", "{2DCA3773-AC8E-47DD-AB25-14AF3264950D}"
EndProject
Project("{FAE04EC0-301F-11D3-BF4B-00C04F79EFBC}") = "AspNetCore", "aspnet\AspNetCore\AspNetCore.csproj", "{FEF6D12E-B878-4C0C-8002-4B45AA75EFE3}"
EndProject
Project("{FAE04EC0-301F-11D3-BF4B-00C04F79EFBC}") = "MinimalAPIs", "aspnet\MinimalAPIs\MinimalAPIs.csproj", "{64E043AA-82D0-4CEA-A67F-1B2E51808B7F}"
EndProject
Project("{2150E333-8FDC-42A3-9474-1A3956D46DE8}") = "Aspire", "Aspire", "{517EB20D-7405-4876-9A2B-0D5768C9FB60}"
EndProject
Project("{FAE04EC0-301F-11D3-BF4B-00C04F79EFBC}") = "aspire.Web", "aspire\aspire.Web\aspire.Web.csproj", "{216069D5-30C5-49D0-B2BE-7617190040BF}"
EndProject
Project("{FAE04EC0-301F-11D3-BF4B-00C04F79EFBC}") = "aspire.ServiceDefaults", "aspire\aspire.ServiceDefaults\aspire.ServiceDefaults.csproj", "{76F87589-62E6-4378-97DD-0F56AB23C587}"
EndProject
Project("{FAE04EC0-301F-11D3-BF4B-00C04F79EFBC}") = "aspire.AppHost", "aspire\aspire.AppHost\aspire.AppHost.csproj", "{3CBE9E30-742F-43CC-8287-65447C881BEB}"
EndProject
Project("{FAE04EC0-301F-11D3-BF4B-00C04F79EFBC}") = "aspire.ApiService", "aspire\aspire.ApiService\aspire.ApiService.csproj", "{E0ACD262-3170-40A9-851D-97C045E152F6}"
EndProject
Project("{FAE04EC0-301F-11D3-BF4B-00C04F79EFBC}") = "Hybrid", "aspnet\Hybrid\Hybrid.csproj", "{EBD7CE04-8086-4EC1-BE47-7C0EB0B532F8}"
EndProject
Global
	GlobalSection(SolutionConfigurationPlatforms) = preSolution
		Debug|Any CPU = Debug|Any CPU
		Release|Any CPU = Release|Any CPU
	EndGlobalSection
	GlobalSection(ProjectConfigurationPlatforms) = postSolution
		{0878B1E5-C792-46A3-AA20-282A0FC8D5E7}.Debug|Any CPU.ActiveCfg = Debug|Any CPU
		{0878B1E5-C792-46A3-AA20-282A0FC8D5E7}.Debug|Any CPU.Build.0 = Debug|Any CPU
		{0878B1E5-C792-46A3-AA20-282A0FC8D5E7}.Release|Any CPU.ActiveCfg = Release|Any CPU
		{0878B1E5-C792-46A3-AA20-282A0FC8D5E7}.Release|Any CPU.Build.0 = Release|Any CPU
		{09009009-53DC-4AB4-A3F2-924D29CF3A7D}.Debug|Any CPU.ActiveCfg = Debug|Any CPU
		{09009009-53DC-4AB4-A3F2-924D29CF3A7D}.Debug|Any CPU.Build.0 = Debug|Any CPU
		{09009009-53DC-4AB4-A3F2-924D29CF3A7D}.Release|Any CPU.ActiveCfg = Release|Any CPU
		{09009009-53DC-4AB4-A3F2-924D29CF3A7D}.Release|Any CPU.Build.0 = Release|Any CPU
		{9C28F635-EAF3-4C5F-B818-B5C5AA0C8DA4}.Debug|Any CPU.ActiveCfg = Debug|Any CPU
		{9C28F635-EAF3-4C5F-B818-B5C5AA0C8DA4}.Debug|Any CPU.Build.0 = Debug|Any CPU
		{9C28F635-EAF3-4C5F-B818-B5C5AA0C8DA4}.Release|Any CPU.ActiveCfg = Release|Any CPU
		{9C28F635-EAF3-4C5F-B818-B5C5AA0C8DA4}.Release|Any CPU.Build.0 = Release|Any CPU
		{37CC086D-885D-4D71-8E45-A91491C5A78D}.Debug|Any CPU.ActiveCfg = Debug|Any CPU
		{37CC086D-885D-4D71-8E45-A91491C5A78D}.Debug|Any CPU.Build.0 = Debug|Any CPU
		{37CC086D-885D-4D71-8E45-A91491C5A78D}.Release|Any CPU.ActiveCfg = Release|Any CPU
		{37CC086D-885D-4D71-8E45-A91491C5A78D}.Release|Any CPU.Build.0 = Release|Any CPU
		{1E5076C3-C944-449A-9580-46312BB19A55}.Debug|Any CPU.ActiveCfg = Debug|Any CPU
		{1E5076C3-C944-449A-9580-46312BB19A55}.Debug|Any CPU.Build.0 = Debug|Any CPU
		{1E5076C3-C944-449A-9580-46312BB19A55}.Release|Any CPU.ActiveCfg = Release|Any CPU
		{1E5076C3-C944-449A-9580-46312BB19A55}.Release|Any CPU.Build.0 = Release|Any CPU
		{7F3A9B76-C4F0-4B24-AB6D-B70402657FE4}.Debug|Any CPU.ActiveCfg = Debug|Any CPU
		{7F3A9B76-C4F0-4B24-AB6D-B70402657FE4}.Debug|Any CPU.Build.0 = Debug|Any CPU
		{7F3A9B76-C4F0-4B24-AB6D-B70402657FE4}.Release|Any CPU.ActiveCfg = Release|Any CPU
		{7F3A9B76-C4F0-4B24-AB6D-B70402657FE4}.Release|Any CPU.Build.0 = Release|Any CPU
		{F854E0D5-9194-46CD-8FD5-B0F7C80162B6}.Debug|Any CPU.ActiveCfg = Debug|Any CPU
		{F854E0D5-9194-46CD-8FD5-B0F7C80162B6}.Debug|Any CPU.Build.0 = Debug|Any CPU
		{F854E0D5-9194-46CD-8FD5-B0F7C80162B6}.Release|Any CPU.ActiveCfg = Release|Any CPU
		{F854E0D5-9194-46CD-8FD5-B0F7C80162B6}.Release|Any CPU.Build.0 = Release|Any CPU
		{85F661EC-CCBE-4CED-B523-11FF733DF668}.Debug|Any CPU.ActiveCfg = Debug|Any CPU
		{85F661EC-CCBE-4CED-B523-11FF733DF668}.Debug|Any CPU.Build.0 = Debug|Any CPU
		{85F661EC-CCBE-4CED-B523-11FF733DF668}.Release|Any CPU.ActiveCfg = Release|Any CPU
		{85F661EC-CCBE-4CED-B523-11FF733DF668}.Release|Any CPU.Build.0 = Release|Any CPU
		{1907ABBA-E6B2-465A-AFD0-630F9338060F}.Debug|Any CPU.ActiveCfg = Debug|Any CPU
		{1907ABBA-E6B2-465A-AFD0-630F9338060F}.Debug|Any CPU.Build.0 = Debug|Any CPU
		{1907ABBA-E6B2-465A-AFD0-630F9338060F}.Release|Any CPU.ActiveCfg = Release|Any CPU
		{1907ABBA-E6B2-465A-AFD0-630F9338060F}.Release|Any CPU.Build.0 = Release|Any CPU
		{01E5110E-B6ED-4176-B97D-37672FC8DBCC}.Debug|Any CPU.ActiveCfg = Debug|Any CPU
		{01E5110E-B6ED-4176-B97D-37672FC8DBCC}.Debug|Any CPU.Build.0 = Debug|Any CPU
		{01E5110E-B6ED-4176-B97D-37672FC8DBCC}.Release|Any CPU.ActiveCfg = Release|Any CPU
		{01E5110E-B6ED-4176-B97D-37672FC8DBCC}.Release|Any CPU.Build.0 = Release|Any CPU
		{FEF6D12E-B878-4C0C-8002-4B45AA75EFE3}.Debug|Any CPU.ActiveCfg = Debug|Any CPU
		{FEF6D12E-B878-4C0C-8002-4B45AA75EFE3}.Debug|Any CPU.Build.0 = Debug|Any CPU
		{FEF6D12E-B878-4C0C-8002-4B45AA75EFE3}.Release|Any CPU.ActiveCfg = Release|Any CPU
		{FEF6D12E-B878-4C0C-8002-4B45AA75EFE3}.Release|Any CPU.Build.0 = Release|Any CPU
		{64E043AA-82D0-4CEA-A67F-1B2E51808B7F}.Debug|Any CPU.ActiveCfg = Debug|Any CPU
		{64E043AA-82D0-4CEA-A67F-1B2E51808B7F}.Debug|Any CPU.Build.0 = Debug|Any CPU
		{64E043AA-82D0-4CEA-A67F-1B2E51808B7F}.Release|Any CPU.ActiveCfg = Release|Any CPU
		{64E043AA-82D0-4CEA-A67F-1B2E51808B7F}.Release|Any CPU.Build.0 = Release|Any CPU
		{216069D5-30C5-49D0-B2BE-7617190040BF}.Debug|Any CPU.ActiveCfg = Debug|Any CPU
		{216069D5-30C5-49D0-B2BE-7617190040BF}.Debug|Any CPU.Build.0 = Debug|Any CPU
		{216069D5-30C5-49D0-B2BE-7617190040BF}.Release|Any CPU.ActiveCfg = Release|Any CPU
		{216069D5-30C5-49D0-B2BE-7617190040BF}.Release|Any CPU.Build.0 = Release|Any CPU
		{76F87589-62E6-4378-97DD-0F56AB23C587}.Debug|Any CPU.ActiveCfg = Debug|Any CPU
		{76F87589-62E6-4378-97DD-0F56AB23C587}.Debug|Any CPU.Build.0 = Debug|Any CPU
		{76F87589-62E6-4378-97DD-0F56AB23C587}.Release|Any CPU.ActiveCfg = Release|Any CPU
		{76F87589-62E6-4378-97DD-0F56AB23C587}.Release|Any CPU.Build.0 = Release|Any CPU
		{3CBE9E30-742F-43CC-8287-65447C881BEB}.Debug|Any CPU.ActiveCfg = Debug|Any CPU
		{3CBE9E30-742F-43CC-8287-65447C881BEB}.Debug|Any CPU.Build.0 = Debug|Any CPU
		{3CBE9E30-742F-43CC-8287-65447C881BEB}.Release|Any CPU.ActiveCfg = Release|Any CPU
		{3CBE9E30-742F-43CC-8287-65447C881BEB}.Release|Any CPU.Build.0 = Release|Any CPU
		{E0ACD262-3170-40A9-851D-97C045E152F6}.Debug|Any CPU.ActiveCfg = Debug|Any CPU
		{E0ACD262-3170-40A9-851D-97C045E152F6}.Debug|Any CPU.Build.0 = Debug|Any CPU
		{E0ACD262-3170-40A9-851D-97C045E152F6}.Release|Any CPU.ActiveCfg = Release|Any CPU
		{E0ACD262-3170-40A9-851D-97C045E152F6}.Release|Any CPU.Build.0 = Release|Any CPU
		{EBD7CE04-8086-4EC1-BE47-7C0EB0B532F8}.Debug|Any CPU.ActiveCfg = Debug|Any CPU
		{EBD7CE04-8086-4EC1-BE47-7C0EB0B532F8}.Debug|Any CPU.Build.0 = Debug|Any CPU
		{EBD7CE04-8086-4EC1-BE47-7C0EB0B532F8}.Release|Any CPU.ActiveCfg = Release|Any CPU
		{EBD7CE04-8086-4EC1-BE47-7C0EB0B532F8}.Release|Any CPU.Build.0 = Release|Any CPU
	EndGlobalSection
	GlobalSection(SolutionProperties) = preSolution
		HideSolutionNode = FALSE
	EndGlobalSection
	GlobalSection(NestedProjects) = preSolution
		{0878B1E5-C792-46A3-AA20-282A0FC8D5E7} = {A4E0A353-9E4F-47E2-8881-599A12FC84E3}
		{09009009-53DC-4AB4-A3F2-924D29CF3A7D} = {A4E0A353-9E4F-47E2-8881-599A12FC84E3}
		{9C28F635-EAF3-4C5F-B818-B5C5AA0C8DA4} = {A4E0A353-9E4F-47E2-8881-599A12FC84E3}
		{37CC086D-885D-4D71-8E45-A91491C5A78D} = {A4E0A353-9E4F-47E2-8881-599A12FC84E3}
		{1E5076C3-C944-449A-9580-46312BB19A55} = {FF51FD3F-92A7-4C5C-82FE-95CAF92E8571}
		{7F3A9B76-C4F0-4B24-AB6D-B70402657FE4} = {FF51FD3F-92A7-4C5C-82FE-95CAF92E8571}
		{F854E0D5-9194-46CD-8FD5-B0F7C80162B6} = {FF51FD3F-92A7-4C5C-82FE-95CAF92E8571}
		{85F661EC-CCBE-4CED-B523-11FF733DF668} = {FF51FD3F-92A7-4C5C-82FE-95CAF92E8571}
		{1907ABBA-E6B2-465A-AFD0-630F9338060F} = {FF51FD3F-92A7-4C5C-82FE-95CAF92E8571}
		{01E5110E-B6ED-4176-B97D-37672FC8DBCC} = {FF51FD3F-92A7-4C5C-82FE-95CAF92E8571}
		{FEF6D12E-B878-4C0C-8002-4B45AA75EFE3} = {2DCA3773-AC8E-47DD-AB25-14AF3264950D}
		{64E043AA-82D0-4CEA-A67F-1B2E51808B7F} = {2DCA3773-AC8E-47DD-AB25-14AF3264950D}
		{216069D5-30C5-49D0-B2BE-7617190040BF} = {517EB20D-7405-4876-9A2B-0D5768C9FB60}
		{76F87589-62E6-4378-97DD-0F56AB23C587} = {517EB20D-7405-4876-9A2B-0D5768C9FB60}
		{3CBE9E30-742F-43CC-8287-65447C881BEB} = {517EB20D-7405-4876-9A2B-0D5768C9FB60}
		{E0ACD262-3170-40A9-851D-97C045E152F6} = {517EB20D-7405-4876-9A2B-0D5768C9FB60}
		{EBD7CE04-8086-4EC1-BE47-7C0EB0B532F8} = {2DCA3773-AC8E-47DD-AB25-14AF3264950D}
	EndGlobalSection
	GlobalSection(ExtensibilityGlobals) = postSolution
		SolutionGuid = {3DE72E56-086E-4143-8659-0738B3AC87B1}
	EndGlobalSection
EndGlobal
